
Microsoft Visual Studio Solution File, Format Version 12.00
# Visual Studio Version 17
VisualStudioVersion = 17.14.36310.24 d17.14
MinimumVisualStudioVersion = 10.0.40219.1
Project("{FAE04EC0-301F-11D3-BF4B-00C04F79EFBC}") = "sydneyHotel", "sydneyHotel\sydneyHotel.csproj", "{55853DD6-AE07-4C86-82FB-9F2FFA999890}"
EndProject
Global
	GlobalSection(SolutionConfigurationPlatforms) = preSolution
		Debug|Any CPU = Debug|Any CPU
		Release|Any CPU = Release|Any CPU
	EndGlobalSection
	GlobalSection(ProjectConfigurationPlatforms) = postSolution
		{55853DD6-AE07-4C86-82FB-9F2FFA999890}.Debug|Any CPU.ActiveCfg = Debug|Any CPU
		{55853DD6-AE07-4C86-82FB-9F2FFA999890}.Debug|Any CPU.Build.0 = Debug|Any CPU
		{55853DD6-AE07-4C86-82FB-9F2FFA999890}.Release|Any CPU.ActiveCfg = Release|Any CPU
		{55853DD6-AE07-4C86-82FB-9F2FFA999890}.Release|Any CPU.Build.0 = Release|Any CPU
	EndGlobalSection
	GlobalSection(SolutionProperties) = preSolution
		HideSolutionNode = FALSE
	EndGlobalSection
	GlobalSection(ExtensibilityGlobals) = postSolution
		SolutionGuid = {288E3C43-EE93-4BE9-99CB-2B62EB193284}
	EndGlobalSection
EndGlobal
